github.com/PuerkitoBio/goquery v1.13.0 h1:mqHbjD7Jmnul4DTR24LKTjo1uUmHUh072kteGV+xpFM=
github.com/PuerkitoBio/goquery v1.13.0/go.mod h1:Hip5mdBL8K2wEGKJdr27sRaNwIdDajmCwB/ExUPwW+g=
github.com/andybalholm/cascadia v1.3.5 h1:RLjq12WJy58dN6eCIQrz0bAGZkztHWsEPFxP53Y7Ms8=
github.com/andybalholm/cascadia v1.3.5/go.mod h1:BLRmbRjpEtNKieZOCCvYj4RqN+KRA41GBe/5O+G93kM=
github.com/andygrunwald/vdf v1.1.0 h1:gmstp0R7DOepIZvWoSJY97ix7QOrsxpGPU6KusKXqvw=
github.com/andygrunwald/vdf v1.1.0/go.mod h1:f31AAs7HOKvs5B167iwLHwKuqKc4bE46Vdt7xQogA0o=
github.com/creack/pty v1.1.9/go.mod h1:oKZEueFk5CKHvIhNR5MUki03XCEU+Q6VDXinZuGJ33E=
github.com/davecgh/go-spew v1.1.0/go.mod h1:J7Y8YcW2NihsgmVo/mv3lAwl/skON4iLHjSsI+c5H38=
github.com/davecgh/go-spew v1.1.1/go.mod h1:J7Y8YcW2NihsgmVo/mv3lAwl/skON4iLHjSsI+c5H38=
github.com/google/go-cmp v0.7.0 h1:wk8382ETsv4JYUZwIsn6YpYiWiBsYLSJiTsyBybVuN8=
github.com/google/go-cmp v0.7.0/go.mod h1:pXiqmnSA92OHEEa9HXL2W4E7lf9JzCmGVUdgjX3N/iU=
github.com/kr/pretty v0.3.1 h1:flRD4NNwYAUpkphVc1HcthR4KEIFJ65n8Mw5qdRn3LE=
github.com/kr/pretty v0.3.1/go.mod h1:hoEshYVHaxMs3cyo3Yncou5ZscifuDolrwPKZanG3xk=
github.com/kr/text v0.2.0 h1:5Nx0Ya0ZqY2ygV366QzturHI13Jq95ApcVaJBhpS+AY=
github.com/kr/text v0.2.0/go.mod h1:eLer722TekiGuMkidMxC/pM04lWEeraHUUmBw8l2grE=
github.com/lemon4ksan/aoni v0.7.0-rc.1.0.20260920194150-eaab0fb5365d h1:zm8kEY1v/T6QUnoTS/DGPGaNdLeJ48wQnJq3q13MftU=
github.com/lemon4ksan/aoni v0.7.0-rc.1.0.20260920194150-eaab0fb5365d/go.mod h1:YRXeBuJrhlLk5Ejvs9IN77i90AmQMfOUddaLieA3Ym4=
github.com/lemon4ksan/aoni-contrib v0.0.0-20260920182848-0fc690142ce7 h1:vmMcKsG4ZnylwNApjEgHselTRGnHL7bh3lrYDctAPEE=
github.com/lemon4ksan/aoni-contrib v0.0.0-20260920182848-0fc690142ce7/go.mod h1:8fsH5kmclHyyVCAiBrXC44kHTyJO45ZIYNNbVA26ms0=
github.com/lemon4ksan/aoni/x v0.0.0-20260910154953-a1da337aa635 h1:ntEx2kRphlhlYa529b0OGXUyIRm9sHMS8XWj4fdokVU=
github.com/lemon4ksan/aoni/x v0.0.0-20260910154953-a1da337aa635/go.mod h1:nwzKjcUVRgIHxqk+/UB3uKMYaAZfOY1y4TNdrhJv3z8=
github.com/lemon4ksan/foundation v0.0.0-20260920191713-7709c688b2d7 h1:gGzm8Rz3R9SqMvDf9TQsNcbpHuTQxRbkhhik2T17eyU=
github.com/lemon4ksan/foundation v0.0.0-20260920191713-7709c688b2d7/go.mod h1:mKZ+py0Jq9/teeK0cvjFUajx/DqJ3UiCvez0mwjhw8Y=
github.com/lemon4ksan/g-man v0.14.0-rc.3.0.20260910195214-7d903493c695 h1:07mPTqUS6U5EnpYwgnxfo/hVKC39X/q5WFhtL35bBAk=
github.com/lemon4ksan/g-man v0.14.0-rc.3.0.20260910195214-7d903493c695/go.mod h1:MBIsvsk+w7eqJryhu4ylaDvQJusXSzFnr1xi+Z6rj4c=
github.com/lemon4ksan/g-man v0.14.0-rc.3.0.20260920200137-f9bbf1d2956f h1:tfrNbAVNXN3HjAEcCFSnV+yiLxCpJjgAVnC5GQgadKo=
github.com/lemon4ksan/g-man v0.14.0-rc.3.0.20260920200137-f9bbf1d2956f/go.mod h1:rJWoJqClwqxDKpFLlzZcJOIqHthKSbototsOcPF3Aus=
github.com/lemon4ksan/mach v0.0.0-20260920060530-e5f68681569e h1:7ebHTluBadOp8EMNyHv+V7vLWsAac2dns58oK/9tVCk=
github.com/lemon4ksan/mach v0.0.0-20260920191812-bb7ae0771871 h1:pZbTlhT9V9UEjjKHTsA2bLofLpzMscJ9FQIjgsrYZxI=
github.com/lemon4ksan/mach v0.0.0-20260920191812-bb7ae0771871/go.mod h1:igV/o2BgaROAqXeYK5GQPYL2noZ3Q1BFX9AeYRhINMs=
github.com/lemon4ksan/mach v0.0.0-20260920192632-d937e04c0749 h1:aoCV/hqOOoAEM0ogtG5NYI30m384Rml38FFMHOrBtBQ=
github.com/lemon4ksan/mach v0.0.0-20260920192632-d937e04c0749/go.mod h1:igV/o2BgaROAqXeYK5GQPYL2noZ3Q1BFX9AeYRhINMs=
github.com/lemon4ksan/sein v0.0.0-20260910193739-152ceb50fdf6 h1:IDeWMav59wrXQnKbmS/HDpJe2r8iWQxlIyBnJ1gKqxM=
github.com/lemon4ksan/sein v0.0.0-20260910193739-152ceb50fdf6/go.mod h1:Khz98c8cSwOuOLY96kx31cM6FWs+3jSSRjDIQUMmtcE=
github.com/mitchellh/mapstructure v1.5.0 h1:jeMsZIYE/09sWLaz43PL7Gy6RuMjD2eJVyuac5Z2hdY=
github.com/mitchellh/mapstructure v1.5.0/go.mod h1:bFUtVrKA4DC2yAKiSyO/QUcy7e+RRV2QTWOzhPopBRo=
github.com/planetscale/vtprotobuf v0.6.1-0.20240319094008-0393e58bdf10 h1:GFCKgmp0tecUJ0sJuv4pzYCqS9+RGSn52M3FUwPs+uo=
github.com/planetscale/vtprotobuf v0.6.1-0.20240319094008-0393e58bdf10/go.mod h1:t/avpk3KcrXxUnYOhZhMXJlSEyie6gQbtLq5NM3loB8=
github.com/pmezard/go-difflib v1.0.0/go.mod h1:iKH77koFhYxTK1pcRnkKkqfTogsbg7gZNVY4sRDYZ/4=
github.com/rogpeppe/go-internal v1.14.1 h1:UQB4HGPB6osV0SQTLymcB4TgvyWu6ZyliaW0tI/otEQ=
github.com/rogpeppe/go-internal v1.14.1/go.mod h1:MaRKkUm5W0goXpeCfT7UZI6fk/L7L7so1lCWt35ZSgc=
github.com/stretchr/objx v0.1.0/go.mod h1:HFkY916IF+rwdDfMAkV7OtwuqBVzrE8GR6GFx+wExME=
github.com/stretchr/objx v0.4.0/go.mod h1:YvHI0jy2hoMjB+UWwv71VJQ9isScKT/TqJzVSSt89Yw=
github.com/stretchr/objx v0.5.3 h1:jmXUvGomnU1o3W/V5h2VEradbpJDwGrzugQQvL0POH4=
github.com/stretchr/objx v0.5.3/go.mod h1:rDQraq+vQZU7Fde9LOZLr8Tax6zZvy4kuNKF+QYS+U0=
github.com/stretchr/testify v1.7.1/go.mod h1:6Fq8oRcR53rry900zMqJjRRixrwX3KX962/h/Wwjteg=
github.com/stretchr/testify v1.8.0/go.mod h1:yNjHg4UonilssWZ8iaSj1OCr/vHnekPRkoO+kdMU+MU=
github.com/stretchr/testify v1.12.1 h1:EuwCh5fleGS7H32xRwO3wRGT7DxrDhLAT6FF8MpWDWE=
github.com/stretchr/testify v1.12.1/go.mod h1:MDEgiDPPsNp5cuIrHPPCyornHKgEVbtFUmoNlxoYthg=
go.yaml.in/yaml/v3 v3.0.5 h1:N6y/pJk8buWs9NY5ERU2HSMfm+IuD/OtfdAnq6kESPw=
go.yaml.in/yaml/v3 v3.0.5/go.mod h1:HVTZu1O7/Vkt2N+BFy8Zza+lnLsABggaTM2ZpNIGuKg=
golang.org/x/crypto v0.57.0 h1:3ZVCjf8Ggz7zneR/EHRVx68Ctf+2pmIMP2UFhh9cC6M=
golang.org/x/crypto v0.57.0/go.mod h1:Fdz0i5U6CoizGwLda9DttjSk6qlZo25zYNtR+ycvuZA=
golang.org/x/net v0.59.0 h1:5zfYln+w5XCxwrnMMJPufRgNoXEaGxl0wo5GqPXyues=
golang.org/x/net v0.59.0/go.mod h1:2DA/G1UfVbCpQPeWTmMPGY7Cs2PkBkwu743bVX5PIVg=
golang.org/x/sys v0.48.0 h1:bbX/i/6MgT9BVLM9RT1thmxL04yeTAhbEz4SyadbXoo=
golang.org/x/sys v0.48.0/go.mod h1:hNLxWAXmnKAxqDtdwIYC4bM9oQPEecfsnNMuSxOs3og=
golang.org/x/text v0.42.0 h1:JbOZXgfeCPU9gacVtYliJqOhD+zhrEqK4LfdpmlUZqI=
golang.org/x/text v0.42.0/go.mod h1:ojzP1Z+2QtioaF8DTtO8K5q7JWVVYwZKenzujK0Zd0E=
golang.org/x/time v0.16.0 h1:vMb6ptszcQMkcwiRTAuNNU50gom6++Q/6gY2hDM6VDE=
golang.org/x/time v0.16.0/go.mod h1:rVKOqvZeKvrDKTQiAHJ7wmwP0RzleSphoEA9RcdLA0s=
google.golang.org/protobuf v1.36.12 h1:pJOKDDOyeXErUroCihFAd5LQuwXBSpVnKGrj5o/fwxc=
google.golang.org/protobuf v1.36.12/go.mod h1:HTf+CrKn2C3g5S8VImy6tdcUvCska2kB7j23XfzDpco=
gopkg.in/check.v1 v0.0.0-20161208181325-20d25e280405/go.mod h1:Co6ibVJAznAaIkqp8huTwlJQCZ016jof/cbN4VW5Yz0=
gopkg.in/check.v1 v1.0.0-20201130134442-10cb98267c6c h1:Hei/4ADfdWqJk1ZMxUNpqntNwaWcugrBjAiHlqqRiVk=
gopkg.in/check.v1 v1.0.0-20201130134442-10cb98267c6c/go.mod h1:JHkPIbrfpd72SG/EVd6muEfDQjcINNoR0C8j2r3qZ4Q=
gopkg.in/yaml.v3 v3.0.0-20200313102051-9f266ea9e77c/go.mod h1:K4uyk7z7BCEPqu6E+C64Yfv1cQ7kz7rIZviUmN+EgEM=
gopkg.in/yaml.v3 v3.0.1 h1:fxVm/GzAzEWqLHuvctI91KS9hhNmmWOoWu0XTYJS7CA=
gopkg.in/yaml.v3 v3.0.1/go.mod h1:K4uyk7z7BCEPqu6E+C64Yfv1cQ7kz7rIZviUmN+EgEM=
